<?xml version="1.0" encoding="utf-8"?>
<Project ToolsVersion="4.0" xmlns="http://schemas.microsoft.com/developer/msbuild/2003">
  <ItemGroup>
    <Filter Include="Source Files">
      <UniqueIdentifier>{4FC737F1-C7A5-4376-A066-2A32D752A2FF}</UniqueIdentifier>
      <Extensions>cpp;c;cc;cxx;c++;cppm;ixx;def;odl;idl;hpj;bat;asm;asmx</Extensions>
    </Filter>
    <Filter Include="Header Files">
      <UniqueIdentifier>{93995380-89BD-4b04-88EB-625FBE52EBFB}</UniqueIdentifier>
      <Extensions>h;hh;hpp;hxx;h++;hm;inl;inc;ipp;xsd</Extensions>
    </Filter>
    <Filter Include="Resource Files">
      <UniqueIdentifier>{67DA6AB6-F800-4c08-8B7A-83BB121AAD01}</UniqueIdentifier>
      <Extensions>rc;ico;cur;bmp;dlg;rc2;rct;bin;rgs;gif;jpg;jpeg;jpe;resx;tiff;tif;png;wav;mfcribbon-ms</Extensions>
    </Filter>
  </ItemGroup>
  <ItemGroup>
    <ClCompile Include="ArcMain.cpp">
      <Filter>Source Files</Filter>
    </ClCompile>
    <ClCompile Include="ArcColor.cpp">
      <Filter>Source Files</Filter>
    </ClCompile>
    <ClCompile Include="Arc2DLine.cpp">
      <Filter>Source Files</Filter>
    </ClCompile>
    <ClCompile Include="Arc2DPoint.cpp">
      <Filter>Source Files</Filter>
    </ClCompile>
    <ClCompile Include="ArcPnmParser.cpp">
      <Filter>Source Files</Filter>
    </ClCompile>
    <ClCompile Include="ArcWindow.cpp">
      <Filter>Source Files</Filter>
    </ClCompile>
    <ClCompile Include="ArcRdParser.cpp">
      <Filter>Source Files</Filter>
    </ClCompile>
  </ItemGroup>
  <ItemGroup>
    <ClInclude Include="ArcColor.h">
      <Filter>Header Files</Filter>
    </ClInclude>
    <ClInclude Include="Arc2DLine.h">
      <Filter>Header Files</Filter>
    </ClInclude>
    <ClInclude Include="Arc2DPoint.h">
      <Filter>Header Files</Filter>
    </ClInclude>
    <ClInclude Include="ArcConstants.h">
      <Filter>Header Files</Filter>
    </ClInclude>
    <ClInclude Include="ArcPnmParser.h">
      <Filter>Header Files</Filter>
    </ClInclude>
    <ClInclude Include="ArcWindow.h">
      <Filter>Header Files</Filter>
    </ClInclude>
    <ClInclude Include="ArcTypedefs.h">
      <Filter>Header Files</Filter>
    </ClInclude>
    <ClInclude Include="ArcRdParser.h">
      <Filter>Header Files</Filter>
    </ClInclude>
    <ClInclude Include="ArcEnums.h">
      <Filter>Header Files</Filter>
    </ClInclude>
    <ClInclude Include="ArcRdCommand.hpp">
      <Filter>Header Files</Filter>
    </ClInclude>
  </ItemGroup>
  <ItemGroup>
    <None Include="s01.rd">
      <Filter>Resource Files</Filter>
    </None>
    <None Include="s02.rd">
      <Filter>Resource Files</Filter>
    </None>
    <None Include="s03.rd">
      <Filter>Resource Files</Filter>
    </None>
    <None Include="s04.rd">
      <Filter>Resource Files</Filter>
    </None>
    <None Include="s05.rd">
      <Filter>Resource Files</Filter>
    </None>
    <None Include="s06.rd">
      <Filter>Resource Files</Filter>
    </None>
    <None Include="s07.rd">
      <Filter>Resource Files</Filter>
    </None>
    <None Include="s08.rd">
      <Filter>Resource Files</Filter>
    </None>
    <None Include="CVPersonal.rd">
      <Filter>Resource Files</Filter>
    </None>
    <None Include="Lines.rd">
      <Filter>Resource Files</Filter>
    </None>
    <None Include="Circles.rd">
      <Filter>Resource Files</Filter>
    </None>
    <None Include="FloodFill.rd">
      <Filter>Resource Files</Filter>
    </None>
  </ItemGroup>
</Project>